{
  "name": "ideacao",
  "version": "0.1.0",
  "lockfileVersion": 1,
  "requires": true,
  "dependencies": {
    "vue-star-rating": {
      "version": "1.6.0",
      "resolved": "https://registry.npmjs.org/vue-star-rating/-/vue-star-rating-1.6.0.tgz",
      "integrity": "sha1-hYbZ0QBVX9Nn3x47dpZp6DcIkgk="
    }
  }
}
